
Microsoft Visual Studio Solution File, Format Version 12.00
# Visual Studio Version 17
VisualStudioVersion = 17.0.32126.317
MinimumVisualStudioVersion = 10.0.40219.1
Project("{9A19103F-16F7-4668-BE54-9A1E7A4F7556}") = "Apis", "Apis\Apis.csproj", "{557F5EA3-1A1F-4E5F-B480-A2FC89B25520}"
EndProject
Project("{9A19103F-16F7-4668-BE54-9A1E7A4F7556}") = "Datas", "Datas\Datas.csproj", "{FA765D28-B85F-4A6E-895F-10563ECB62C6}"
EndProject
Project("{9A19103F-16F7-4668-BE54-9A1E7A4F7556}") = "Dtos", "Dtos\Dtos.csproj", "{53B34ABF-B2D3-435E-A452-70FDFCDCA6B7}"
EndProject
Project("{9A19103F-16F7-4668-BE54-9A1E7A4F7556}") = "Repositories", "Repositories\Repositories.csproj", "{E9F8770C-8881-430B-9EC3-715D4E25249F}"
EndProject
Project("{9A19103F-16F7-4668-BE54-9A1E7A4F7556}") = "Commons", "Commons\Commons.csproj", "{D40D6ABA-3B95-42CF-BD42-5EB3F7376902}"
EndProject
Project("{9A19103F-16F7-4668-BE54-9A1E7A4F7556}") = "Settings", "Settings\Settings.csproj", "{1C4CE520-C636-40AD-883F-2D464ACFB92D}"
EndProject
Project("{9A19103F-16F7-4668-BE54-9A1E7A4F7556}") = "Constants", "Constants\Constants.csproj", "{8B90C5A0-4539-4F51-B3DC-AEB9D8C55985}"
EndProject
Project("{E53339B2-1760-4266-BCC7-CA923CBCF16C}") = "docker-compose", "docker-compose.dcproj", "{77A8B277-565B-4B3E-93B3-9FCB66C35902}"
EndProject
Global
	GlobalSection(SolutionConfigurationPlatforms) = preSolution
		Debug|Any CPU = Debug|Any CPU
		Release|Any CPU = Release|Any CPU
	EndGlobalSection
	GlobalSection(ProjectConfigurationPlatforms) = postSolution
		{557F5EA3-1A1F-4E5F-B480-A2FC89B25520}.Debug|Any CPU.ActiveCfg = Debug|Any CPU
		{557F5EA3-1A1F-4E5F-B480-A2FC89B25520}.Debug|Any CPU.Build.0 = Debug|Any CPU
		{557F5EA3-1A1F-4E5F-B480-A2FC89B25520}.Release|Any CPU.ActiveCfg = Release|Any CPU
		{557F5EA3-1A1F-4E5F-B480-A2FC89B25520}.Release|Any CPU.Build.0 = Release|Any CPU
		{FA765D28-B85F-4A6E-895F-10563ECB62C6}.Debug|Any CPU.ActiveCfg = Debug|Any CPU
		{FA765D28-B85F-4A6E-895F-10563ECB62C6}.Debug|Any CPU.Build.0 = Debug|Any CPU
		{FA765D28-B85F-4A6E-895F-10563ECB62C6}.Release|Any CPU.ActiveCfg = Release|Any CPU
		{FA765D28-B85F-4A6E-895F-10563ECB62C6}.Release|Any CPU.Build.0 = Release|Any CPU
		{53B34ABF-B2D3-435E-A452-70FDFCDCA6B7}.Debug|Any CPU.ActiveCfg = Debug|Any CPU
		{53B34ABF-B2D3-435E-A452-70FDFCDCA6B7}.Debug|Any CPU.Build.0 = Debug|Any CPU
		{53B34ABF-B2D3-435E-A452-70FDFCDCA6B7}.Release|Any CPU.ActiveCfg = Release|Any CPU
		{53B34ABF-B2D3-435E-A452-70FDFCDCA6B7}.Release|Any CPU.Build.0 = Release|Any CPU
		{E9F8770C-8881-430B-9EC3-715D4E25249F}.Debug|Any CPU.ActiveCfg = Debug|Any CPU
		{E9F8770C-8881-430B-9EC3-715D4E25249F}.Debug|Any CPU.Build.0 = Debug|Any CPU
		{E9F8770C-8881-430B-9EC3-715D4E25249F}.Release|Any CPU.ActiveCfg = Release|Any CPU
		{E9F8770C-8881-430B-9EC3-715D4E25249F}.Release|Any CPU.Build.0 = Release|Any CPU
		{D40D6ABA-3B95-42CF-BD42-5EB3F7376902}.Debug|Any CPU.ActiveCfg = Debug|Any CPU
		{D40D6ABA-3B95-42CF-BD42-5EB3F7376902}.Debug|Any CPU.Build.0 = Debug|Any CPU
		{D40D6ABA-3B95-42CF-BD42-5EB3F7376902}.Release|Any CPU.ActiveCfg = Release|Any CPU
		{D40D6ABA-3B95-42CF-BD42-5EB3F7376902}.Release|Any CPU.Build.0 = Release|Any CPU
		{1C4CE520-C636-40AD-883F-2D464ACFB92D}.Debug|Any CPU.ActiveCfg = Debug|Any CPU
		{1C4CE520-C636-40AD-883F-2D464ACFB92D}.Debug|Any CPU.Build.0 = Debug|Any CPU
		{1C4CE520-C636-40AD-883F-2D464ACFB92D}.Release|Any CPU.ActiveCfg = Release|Any CPU
		{1C4CE520-C636-40AD-883F-2D464ACFB92D}.Release|Any CPU.Build.0 = Release|Any CPU
		{8B90C5A0-4539-4F51-B3DC-AEB9D8C55985}.Debug|Any CPU.ActiveCfg = Debug|Any CPU
		{8B90C5A0-4539-4F51-B3DC-AEB9D8C55985}.Debug|Any CPU.Build.0 = Debug|Any CPU
		{8B90C5A0-4539-4F51-B3DC-AEB9D8C55985}.Release|Any CPU.ActiveCfg = Release|Any CPU
		{8B90C5A0-4539-4F51-B3DC-AEB9D8C55985}.Release|Any CPU.Build.0 = Release|Any CPU
		{77A8B277-565B-4B3E-93B3-9FCB66C35902}.Debug|Any CPU.ActiveCfg = Debug|Any CPU
		{77A8B277-565B-4B3E-93B3-9FCB66C35902}.Debug|Any CPU.Build.0 = Debug|Any CPU
		{77A8B277-565B-4B3E-93B3-9FCB66C35902}.Release|Any CPU.ActiveCfg = Release|Any CPU
		{77A8B277-565B-4B3E-93B3-9FCB66C35902}.Release|Any CPU.Build.0 = Release|Any CPU
	EndGlobalSection
	GlobalSection(SolutionProperties) = preSolution
		HideSolutionNode = FALSE
	EndGlobalSection
	GlobalSection(ExtensibilityGlobals) = postSolution
		SolutionGuid = {0F8E0D39-40B8-4493-B59D-A4C9B15CFC92}
	EndGlobalSection
EndGlobal
